
Microsoft Visual Studio Solution File, Format Version 12.00
# Visual Studio Version 17
VisualStudioVersion = 17.8.34316.72
MinimumVisualStudioVersion = 10.0.40219.1
Project("{9A19103F-16F7-4668-BE54-9A1E7A4F7556}") = "Demo_PRN231_SE1627", "Demo_PRN231_SE1627\Demo_PRN231_SE1627.csproj", "{DAFA9AA2-2C4D-49E8-8CAE-4E98884EAE94}"
EndProject
Project("{9A19103F-16F7-4668-BE54-9A1E7A4F7556}") = "WebAPI_Template", "WebAPI_Template\WebAPI_Template.csproj", "{7A31BABE-B81C-48A1-B19E-5104A85AC1E3}"
EndProject
Project("{FAE04EC0-301F-11D3-BF4B-00C04F79EFBC}") = "Demo_API_Empty", "Demo_API_Empty\Demo_API_Empty.csproj", "{EB47B12B-8D71-4A5F-82F2-9CD2798775F9}"
EndProject
Global
	GlobalSection(SolutionConfigurationPlatforms) = preSolution
		Debug|Any CPU = Debug|Any CPU
		Release|Any CPU = Release|Any CPU
	EndGlobalSection
	GlobalSection(ProjectConfigurationPlatforms) = postSolution
		{DAFA9AA2-2C4D-49E8-8CAE-4E98884EAE94}.Debug|Any CPU.ActiveCfg = Debug|Any CPU
		{DAFA9AA2-2C4D-49E8-8CAE-4E98884EAE94}.Debug|Any CPU.Build.0 = Debug|Any CPU
		{DAFA9AA2-2C4D-49E8-8CAE-4E98884EAE94}.Release|Any CPU.ActiveCfg = Release|Any CPU
		{DAFA9AA2-2C4D-49E8-8CAE-4E98884EAE94}.Release|Any CPU.Build.0 = Release|Any CPU
		{7A31BABE-B81C-48A1-B19E-5104A85AC1E3}.Debug|Any CPU.ActiveCfg = Debug|Any CPU
		{7A31BABE-B81C-48A1-B19E-5104A85AC1E3}.Debug|Any CPU.Build.0 = Debug|Any CPU
		{7A31BABE-B81C-48A1-B19E-5104A85AC1E3}.Release|Any CPU.ActiveCfg = Release|Any CPU
		{7A31BABE-B81C-48A1-B19E-5104A85AC1E3}.Release|Any CPU.Build.0 = Release|Any CPU
		{EB47B12B-8D71-4A5F-82F2-9CD2798775F9}.Debug|Any CPU.ActiveCfg = Debug|Any CPU
		{EB47B12B-8D71-4A5F-82F2-9CD2798775F9}.Debug|Any CPU.Build.0 = Debug|Any CPU
		{EB47B12B-8D71-4A5F-82F2-9CD2798775F9}.Release|Any CPU.ActiveCfg = Release|Any CPU
		{EB47B12B-8D71-4A5F-82F2-9CD2798775F9}.Release|Any CPU.Build.0 = Release|Any CPU
	EndGlobalSection
	GlobalSection(SolutionProperties) = preSolution
		HideSolutionNode = FALSE
	EndGlobalSection
	GlobalSection(ExtensibilityGlobals) = postSolution
		SolutionGuid = {5DC8696E-F970-4BDA-8DF9-DE5DBDE93031}
	EndGlobalSection
EndGlobal
